
Microsoft Visual Studio Solution File, Format Version 12.00
Project("{FAE04EC0-301F-11D3-BF4B-00C04F79EFBC}") = "SerializerCompatibilityTest", "SerializerCompatibilityTest\SerializerCompatibilityTest.csproj", "{BE332A75-12EE-4FE7-9ECE-61BDCE1B85F8}"
EndProject
Global
	GlobalSection(SolutionConfigurationPlatforms) = preSolution
		Debug|Any CPU = Debug|Any CPU
		Release|Any CPU = Release|Any CPU
	EndGlobalSection
	GlobalSection(ProjectConfigurationPlatforms) = postSolution
		{BE332A75-12EE-4FE7-9ECE-61BDCE1B85F8}.Debug|Any CPU.ActiveCfg = Debug|Any CPU
		{BE332A75-12EE-4FE7-9ECE-61BDCE1B85F8}.Debug|Any CPU.Build.0 = Debug|Any CPU
		{BE332A75-12EE-4FE7-9ECE-61BDCE1B85F8}.Release|Any CPU.ActiveCfg = Release|Any CPU
		{BE332A75-12EE-4FE7-9ECE-61BDCE1B85F8}.Release|Any CPU.Build.0 = Release|Any CPU
	EndGlobalSection
EndGlobal
